lockfileVersion: '6.0'

settings:
  autoInstallPeers: true
  excludeLinksFromLockfile: false

devDependencies:
  uglify-js:
    specifier: '3'
    version: 3.19.2

packages:

  /uglify-js@3.19.2:
    resolution: {integrity: sha512-S8KA6DDI47nQXJSi2ctQ629YzwOVs+bQML6DAtvy0wgNdpi+0ySpQK0g2pxBq2xfF2z3YCscu7NNA8nXT9PlIQ==}
    engines: {node: '>=0.8.0'}
    hasBin: true
    dev: true
