lockfileVersion: '6.0'

settings:
  autoInstallPeers: true
  excludeLinksFromLockfile: false

devDependencies:
  uglify-js:
    specifier: '3'
    version: 3.19.0

packages:

  /uglify-js@3.19.0:
    resolution: {integrity: sha512-wNKHUY2hYYkf6oSFfhwwiHo4WCHzHmzcXsqXYTN9ja3iApYIFbb2U6ics9hBcYLHcYGQoAlwnZlTrf3oF+BL/Q==}
    engines: {node: '>=0.8.0'}
    hasBin: true
    dev: true
